
Microsoft Visual Studio Solution File, Format Version 12.00
# Visual Studio Version 17
VisualStudioVersion = 17.11.35208.52
MinimumVisualStudioVersion = 10.0.40219.1
Project("{2150E333-8FDC-42A3-9474-1A3956D46DE8}") = "Kernel", "Kernel", "{C88CE0D2-EF2C-49B7-AC8A-6D6CFDA3FB0E}"
EndProject
Project("{9A19103F-16F7-4668-BE54-9A1E7A4F7556}") = "SharedKernel", "SharedKernel\SharedKernel.csproj", "{8D1EA798-BEB4-4C71-BF99-A85D303EF64C}"
EndProject
Project("{2150E333-8FDC-42A3-9474-1A3956D46DE8}") = "Core", "Core", "{E46CEF3C-99AA-4961-9D09-AD733772E9ED}"
EndProject
Project("{2150E333-8FDC-42A3-9474-1A3956D46DE8}") = "External", "External", "{B7CF3CAE-5AFC-46BE-8F35-AC136CD17E78}"
EndProject
Project("{2150E333-8FDC-42A3-9474-1A3956D46DE8}") = "Infrastructure", "Infrastructure", "{18ABA48E-60E8-4270-A399-B271910C5314}"
EndProject
Project("{FAE04EC0-301F-11D3-BF4B-00C04F79EFBC}") = "Persistence", "Persistence\Persistence.csproj", "{82234A93-0146-43EC-B7B8-6BA3B9E5CD10}"
EndProject
Project("{FAE04EC0-301F-11D3-BF4B-00C04F79EFBC}") = "Domain", "Domain\Domain.csproj", "{1BFF6C46-DAE4-447D-AFE9-0BA10F4793FB}"
EndProject
Project("{FAE04EC0-301F-11D3-BF4B-00C04F79EFBC}") = "Application", "Application\Application.csproj", "{B9806115-1A63-4ABB-923A-396DFADDB218}"
EndProject
Project("{FAE04EC0-301F-11D3-BF4B-00C04F79EFBC}") = "Presentation", "Presentation\Presentation.csproj", "{C2F5988B-DFE3-48DE-A05F-C3B4F57D3655}"
EndProject
Project("{FAE04EC0-301F-11D3-BF4B-00C04F79EFBC}") = "API", "API\API.csproj", "{16C3051D-17AE-4935-98F7-026ADDC7C5A6}"
EndProject
Global
	GlobalSection(SolutionConfigurationPlatforms) = preSolution
		Debug|Any CPU = Debug|Any CPU
		Release|Any CPU = Release|Any CPU
	EndGlobalSection
	GlobalSection(ProjectConfigurationPlatforms) = postSolution
		{8D1EA798-BEB4-4C71-BF99-A85D303EF64C}.Debug|Any CPU.ActiveCfg = Debug|Any CPU
		{8D1EA798-BEB4-4C71-BF99-A85D303EF64C}.Debug|Any CPU.Build.0 = Debug|Any CPU
		{8D1EA798-BEB4-4C71-BF99-A85D303EF64C}.Release|Any CPU.ActiveCfg = Release|Any CPU
		{8D1EA798-BEB4-4C71-BF99-A85D303EF64C}.Release|Any CPU.Build.0 = Release|Any CPU
		{82234A93-0146-43EC-B7B8-6BA3B9E5CD10}.Debug|Any CPU.ActiveCfg = Debug|Any CPU
		{82234A93-0146-43EC-B7B8-6BA3B9E5CD10}.Debug|Any CPU.Build.0 = Debug|Any CPU
		{82234A93-0146-43EC-B7B8-6BA3B9E5CD10}.Release|Any CPU.ActiveCfg = Release|Any CPU
		{82234A93-0146-43EC-B7B8-6BA3B9E5CD10}.Release|Any CPU.Build.0 = Release|Any CPU
		{1BFF6C46-DAE4-447D-AFE9-0BA10F4793FB}.Debug|Any CPU.ActiveCfg = Debug|Any CPU
		{1BFF6C46-DAE4-447D-AFE9-0BA10F4793FB}.Debug|Any CPU.Build.0 = Debug|Any CPU
		{1BFF6C46-DAE4-447D-AFE9-0BA10F4793FB}.Release|Any CPU.ActiveCfg = Release|Any CPU
		{1BFF6C46-DAE4-447D-AFE9-0BA10F4793FB}.Release|Any CPU.Build.0 = Release|Any CPU
		{B9806115-1A63-4ABB-923A-396DFADDB218}.Debug|Any CPU.ActiveCfg = Debug|Any CPU
		{B9806115-1A63-4ABB-923A-396DFADDB218}.Debug|Any CPU.Build.0 = Debug|Any CPU
		{B9806115-1A63-4ABB-923A-396DFADDB218}.Release|Any CPU.ActiveCfg = Release|Any CPU
		{B9806115-1A63-4ABB-923A-396DFADDB218}.Release|Any CPU.Build.0 = Release|Any CPU
		{C2F5988B-DFE3-48DE-A05F-C3B4F57D3655}.Debug|Any CPU.ActiveCfg = Debug|Any CPU
		{C2F5988B-DFE3-48DE-A05F-C3B4F57D3655}.Debug|Any CPU.Build.0 = Debug|Any CPU
		{C2F5988B-DFE3-48DE-A05F-C3B4F57D3655}.Release|Any CPU.ActiveCfg = Release|Any CPU
		{C2F5988B-DFE3-48DE-A05F-C3B4F57D3655}.Release|Any CPU.Build.0 = Release|Any CPU
		{16C3051D-17AE-4935-98F7-026ADDC7C5A6}.Debug|Any CPU.ActiveCfg = Debug|Any CPU
		{16C3051D-17AE-4935-98F7-026ADDC7C5A6}.Debug|Any CPU.Build.0 = Debug|Any CPU
		{16C3051D-17AE-4935-98F7-026ADDC7C5A6}.Release|Any CPU.ActiveCfg = Release|Any CPU
		{16C3051D-17AE-4935-98F7-026ADDC7C5A6}.Release|Any CPU.Build.0 = Release|Any CPU
	EndGlobalSection
	GlobalSection(SolutionProperties) = preSolution
		HideSolutionNode = FALSE
	EndGlobalSection
	GlobalSection(NestedProjects) = preSolution
		{8D1EA798-BEB4-4C71-BF99-A85D303EF64C} = {C88CE0D2-EF2C-49B7-AC8A-6D6CFDA3FB0E}
		{18ABA48E-60E8-4270-A399-B271910C5314} = {B7CF3CAE-5AFC-46BE-8F35-AC136CD17E78}
		{82234A93-0146-43EC-B7B8-6BA3B9E5CD10} = {18ABA48E-60E8-4270-A399-B271910C5314}
		{1BFF6C46-DAE4-447D-AFE9-0BA10F4793FB} = {E46CEF3C-99AA-4961-9D09-AD733772E9ED}
		{B9806115-1A63-4ABB-923A-396DFADDB218} = {E46CEF3C-99AA-4961-9D09-AD733772E9ED}
		{C2F5988B-DFE3-48DE-A05F-C3B4F57D3655} = {B7CF3CAE-5AFC-46BE-8F35-AC136CD17E78}
	EndGlobalSection
	GlobalSection(ExtensibilityGlobals) = postSolution
		SolutionGuid = {573FAEB7-8012-48DA-9187-0DEFF8E02FC4}
	EndGlobalSection
EndGlobal
